{
  "name": "miniprogram-ts-less-quickstart",
  "version": "1.0.0",
  "lockfileVersion": 2,
  "requires": true,
  "packages": {
    "": {
      "name": "miniprogram-ts-less-quickstart",
      "version": "1.0.0",
      "dependencies": {
        "@zd~/request": "^0.0.53"
      },
      "devDependencies": {
        "miniprogram-api-typings": "^3.12.3"
      }
    },
    "node_modules/@zd~/request": {
      "version": "0.0.53",
      "resolved": "https://registry.npmjs.org/@zd~/request/-/request-0.0.53.tgz",
      "integrity": "sha512-vIzs0WWUkvn3qzh1cJd7+licBiSNEtk/t/zq2YpwWb3P5GhbHHzUI91UJ1VvX7qLWjUtEE+rSNMwnZ2n1OrPeg=="
    },
    "node_modules/miniprogram-api-typings": {
      "version": "3.12.3",
      "resolved": "https://registry.npmjs.org/miniprogram-api-typings/-/miniprogram-api-typings-3.12.3.tgz",
      "integrity": "sha512-o7bOfrU28MEMCBWo83nXv0ROQSBFxJcfCl4f2wTYqah64ipC5RGqLJfvWJTWhlQt2ECVwspSzM8LgvnfMo7TEQ==",
      "dev": true
    }
  },
  "dependencies": {
    "@zd~/request": {
      "version": "0.0.53",
      "resolved": "https://registry.npmjs.org/@zd~/request/-/request-0.0.53.tgz",
      "integrity": "sha512-vIzs0WWUkvn3qzh1cJd7+licBiSNEtk/t/zq2YpwWb3P5GhbHHzUI91UJ1VvX7qLWjUtEE+rSNMwnZ2n1OrPeg=="
    },
    "miniprogram-api-typings": {
      "version": "3.12.3",
      "resolved": "https://registry.npmjs.org/miniprogram-api-typings/-/miniprogram-api-typings-3.12.3.tgz",
      "integrity": "sha512-o7bOfrU28MEMCBWo83nXv0ROQSBFxJcfCl4f2wTYqah64ipC5RGqLJfvWJTWhlQt2ECVwspSzM8LgvnfMo7TEQ==",
      "dev": true
    }
  }
}
