lockfileVersion: 5.4

specifiers:
  '@zd~/request': ^0.0.41
  miniprogram-api-typings: ^3.12.3

dependencies:
  '@zd~/request': 0.0.41

devDependencies:
  miniprogram-api-typings: 3.12.3

packages:

  /@zd~/request/0.0.41:
    resolution: {integrity: sha512-/2jESgazCjN4FyAV7c65GtryLudQOIPTjQhi2xdugwwe3oebgMLU58RF2aAG7MkOKt4zeWHJPgnE9Bi0t2TymA==}
    requiresBuild: true
    peerDependencies:
      axios: ^1.7.3
      qs: ^6.13.0
    dev: false

  /miniprogram-api-typings/3.12.3:
    resolution: {integrity: sha512-o7bOfrU28MEMCBWo83nXv0ROQSBFxJcfCl4f2wTYqah64ipC5RGqLJfvWJTWhlQt2ECVwspSzM8LgvnfMo7TEQ==}
    dev: true
